
Microsoft Visual Studio Solution File, Format Version 12.00
# Visual Studio Version 16
VisualStudioVersion = 16.0.30711.63
MinimumVisualStudioVersion = 10.0.40219.1
Project("{FAE04EC0-301F-11D3-BF4B-00C04F79EFBC}") = "GeoCode.Web.API", "GeoCode.Web.API\GeoCode.Web.API.csproj", "{5DC807EB-50B7-496C-90C5-B93E15BBC1A1}"
EndProject
Project("{FAE04EC0-301F-11D3-BF4B-00C04F79EFBC}") = "GeoCode.BL", "GeoCode.BL\GeoCode.BL.csproj", "{EC0B8B86-82D8-4657-9820-EA0D323719C7}"
EndProject
Project("{FAE04EC0-301F-11D3-BF4B-00C04F79EFBC}") = "GeoCode.Interfaces", "GeoCode.Interfaces\GeoCode.Interfaces.csproj", "{4C31FD14-5358-4CF9-81E6-51A595A3FC82}"
EndProject
Project("{FAE04EC0-301F-11D3-BF4B-00C04F79EFBC}") = "GeoCode.DAL", "GeoCode.DAL\GeoCode.DAL.csproj", "{CAD938AD-EBEF-414F-AF5F-20D57FE3C65F}"
EndProject
Project("{FAE04EC0-301F-11D3-BF4B-00C04F79EFBC}") = "GeoCode.Models", "GeoCode.Models\GeoCode.Models.csproj", "{43B6F9CA-F177-4881-B670-C430458CAC39}"
EndProject
Global
	GlobalSection(SolutionConfigurationPlatforms) = preSolution
		Debug|Any CPU = Debug|Any CPU
		Release|Any CPU = Release|Any CPU
	EndGlobalSection
	GlobalSection(ProjectConfigurationPlatforms) = postSolution
		{5DC807EB-50B7-496C-90C5-B93E15BBC1A1}.Debug|Any CPU.ActiveCfg = Debug|Any CPU
		{5DC807EB-50B7-496C-90C5-B93E15BBC1A1}.Debug|Any CPU.Build.0 = Debug|Any CPU
		{5DC807EB-50B7-496C-90C5-B93E15BBC1A1}.Release|Any CPU.ActiveCfg = Release|Any CPU
		{5DC807EB-50B7-496C-90C5-B93E15BBC1A1}.Release|Any CPU.Build.0 = Release|Any CPU
		{EC0B8B86-82D8-4657-9820-EA0D323719C7}.Debug|Any CPU.ActiveCfg = Debug|Any CPU
		{EC0B8B86-82D8-4657-9820-EA0D323719C7}.Debug|Any CPU.Build.0 = Debug|Any CPU
		{EC0B8B86-82D8-4657-9820-EA0D323719C7}.Release|Any CPU.ActiveCfg = Release|Any CPU
		{EC0B8B86-82D8-4657-9820-EA0D323719C7}.Release|Any CPU.Build.0 = Release|Any CPU
		{4C31FD14-5358-4CF9-81E6-51A595A3FC82}.Debug|Any CPU.ActiveCfg = Debug|Any CPU
		{4C31FD14-5358-4CF9-81E6-51A595A3FC82}.Debug|Any CPU.Build.0 = Debug|Any CPU
		{4C31FD14-5358-4CF9-81E6-51A595A3FC82}.Release|Any CPU.ActiveCfg = Release|Any CPU
		{4C31FD14-5358-4CF9-81E6-51A595A3FC82}.Release|Any CPU.Build.0 = Release|Any CPU
		{CAD938AD-EBEF-414F-AF5F-20D57FE3C65F}.Debug|Any CPU.ActiveCfg = Debug|Any CPU
		{CAD938AD-EBEF-414F-AF5F-20D57FE3C65F}.Debug|Any CPU.Build.0 = Debug|Any CPU
		{CAD938AD-EBEF-414F-AF5F-20D57FE3C65F}.Release|Any CPU.ActiveCfg = Release|Any CPU
		{CAD938AD-EBEF-414F-AF5F-20D57FE3C65F}.Release|Any CPU.Build.0 = Release|Any CPU
		{43B6F9CA-F177-4881-B670-C430458CAC39}.Debug|Any CPU.ActiveCfg = Debug|Any CPU
		{43B6F9CA-F177-4881-B670-C430458CAC39}.Debug|Any CPU.Build.0 = Debug|Any CPU
		{43B6F9CA-F177-4881-B670-C430458CAC39}.Release|Any CPU.ActiveCfg = Release|Any CPU
		{43B6F9CA-F177-4881-B670-C430458CAC39}.Release|Any CPU.Build.0 = Release|Any CPU
	EndGlobalSection
	GlobalSection(SolutionProperties) = preSolution
		HideSolutionNode = FALSE
	EndGlobalSection
	GlobalSection(ExtensibilityGlobals) = postSolution
		SolutionGuid = {0B12FB74-AC3D-4149-BEAF-93BDB9E43A4C}
	EndGlobalSection
EndGlobal
